// !$*UTF8*$!
{
	archiveVersion = 1;
	classes = {
	};
	objectVersion = 53;
	objects = {

/* Begin PBXBuildFile section */
		000344BE24C84E2D00CD2AAB /* AppState.swift in Sources */ = {isa = PBXBuildFile; fileRef = 000344BD24C84E2D00CD2AAB /* AppState.swift */; };
		0005628024BE52D3003AECC6 /* Introspect in Frameworks */ = {isa = PBXBuildFile; productRef = 0005627F24BE52D3003AECC6 /* Introspect */; };
		00113D0A24B920180028AB57 /* TestDataBuilder.swift in Sources */ = {isa = PBXBuildFile; fileRef = 00113D0924B920180028AB57 /* TestDataBuilder.swift */; };
		002531D024C1B76400CB7FF0 /* IQKeyboardManagerSwift in Frameworks */ = {isa = PBXBuildFile; productRef = 002531CF24C1B76400CB7FF0 /* IQKeyboardManagerSwift */; };
		002531DA24C4614A00CB7FF0 /* TopView.swift in Sources */ = {isa = PBXBuildFile; fileRef = 002531D924C4614A00CB7FF0 /* TopView.swift */; };
		002531DC24C497EC00CB7FF0 /* BudgetStack.swift in Sources */ = {isa = PBXBuildFile; fileRef = 002531DB24C497EC00CB7FF0 /* BudgetStack.swift */; };
		002590DE24B90F0E00F703C5 /* AppDelegate.swift in Sources */ = {isa = PBXBuildFile; fileRef = 002590DD24B90F0E00F703C5 /* AppDelegate.swift */; };
		002590E024B90F0E00F703C5 /* SceneDelegate.swift in Sources */ = {isa = PBXBuildFile; fileRef = 002590DF24B90F0E00F703C5 /* SceneDelegate.swift */; };
		002590E324B90F0E00F703C5 /* Time Budget.xcdatamodeld in Sources */ = {isa = PBXBuildFile; fileRef = 002590E124B90F0E00F703C5 /* Time Budget.xcdatamodeld */; };
		002590E724B90F1000F703C5 /* Assets.xcassets in Resources */ = {isa = PBXBuildFile; fileRef = 002590E624B90F1000F703C5 /* Assets.xcassets */; };
		002590EA24B90F1000F703C5 /* Preview Assets.xcassets in Resources */ = {isa = PBXBuildFile; fileRef = 002590E924B90F1000F703C5 /* Preview Assets.xcassets */; };
		002590ED24B90F1000F703C5 /* LaunchScreen.storyboard in Resources */ = {isa = PBXBuildFile; fileRef = 002590EB24B90F1000F703C5 /* LaunchScreen.storyboard */; };
		003E0C9E24C4BDDE00AAC6C0 /* MultiRowSegmentedPickerView.swift in Sources */ = {isa = PBXBuildFile; fileRef = 003E0C9D24C4BDDD00AAC6C0 /* MultiRowSegmentedPickerView.swift */; };
		003E0CA024C4D58200AAC6C0 /* FundAction.swift in Sources */ = {isa = PBXBuildFile; fileRef = 003E0C9F24C4D58200AAC6C0 /* FundAction.swift */; };
		0058665724C05BBB004E4889 /* Utils.swift in Sources */ = {isa = PBXBuildFile; fileRef = 0058665624C05BBB004E4889 /* Utils.swift */; };
		0058665C24C074F3004E4889 /* BudgetListView.swift in Sources */ = {isa = PBXBuildFile; fileRef = 0058665B24C074F3004E4889 /* BudgetListView.swift */; };
		0058665E24C0FD88004E4889 /* FundListView.swift in Sources */ = {isa = PBXBuildFile; fileRef = 0058665D24C0FD88004E4889 /* FundListView.swift */; };
		00659F0924C511F800670CF0 /* FundRowView.swift in Sources */ = {isa = PBXBuildFile; fileRef = 00659F0824C511F800670CF0 /* FundRowView.swift */; };
		00659F1024C5213200670CF0 /* TimeFund+CoreDataProperties.swift in Sources */ = {isa = PBXBuildFile; fileRef = 00659F0C24C5213200670CF0 /* TimeFund+CoreDataProperties.swift */; };
		00659F1124C5213200670CF0 /* TimeBudget+CoreDataProperties.swift in Sources */ = {isa = PBXBuildFile; fileRef = 00659F0D24C5213200670CF0 /* TimeBudget+CoreDataProperties.swift */; };
		00659F1224C5213200670CF0 /* TimeFund+CoreDataClass.swift in Sources */ = {isa = PBXBuildFile; fileRef = 00659F0E24C5213200670CF0 /* TimeFund+CoreDataClass.swift */; };
		00659F1324C5213200670CF0 /* TimeBudget+CoreDataClass.swift in Sources */ = {isa = PBXBuildFile; fileRef = 00659F0F24C5213200670CF0 /* TimeBudget+CoreDataClass.swift */; };
		00659F1624C5227000670CF0 /* FundAllRowView.swift in Sources */ = {isa = PBXBuildFile; fileRef = 00659F1524C5227000670CF0 /* FundAllRowView.swift */; };
		006F1C6A24CE521D005C0E1A /* CalendarView.swift in Sources */ = {isa = PBXBuildFile; fileRef = 006F1C6924CE521D005C0E1A /* CalendarView.swift */; };
		006F1C6C24CE5374005C0E1A /* CalendarSettings.swift in Sources */ = {isa = PBXBuildFile; fileRef = 006F1C6B24CE5374005C0E1A /* CalendarSettings.swift */; };
		006F1C7324CF5ADD005C0E1A /* TimeExpense+CoreDataClass.swift in Sources */ = {isa = PBXBuildFile; fileRef = 006F1C7124CF5ADD005C0E1A /* TimeExpense+CoreDataClass.swift */; };
		006F1C7424CF5ADD005C0E1A /* TimeExpense+CoreDataProperties.swift in Sources */ = {isa = PBXBuildFile; fileRef = 006F1C7224CF5ADD005C0E1A /* TimeExpense+CoreDataProperties.swift */; };
		00E1440D24D0B7AA0087F5C2 /* TimeSlot.swift in Sources */ = {isa = PBXBuildFile; fileRef = 00E1440C24D0B7AA0087F5C2 /* TimeSlot.swift */; };
/* End PBXBuildFile section */

/* Begin PBXFileReference section */
		000344BD24C84E2D00CD2AAB /* AppState.swift */ = {isa = PBXFileReference; lastKnownFileType = sourcecode.swift; path = AppState.swift; sourceTree = "<group>"; };
		00113D0924B920180028AB57 /* TestDataBuilder.swift */ = {isa = PBXFileReference; fileEncoding = 4; lastKnownFileType = sourcecode.swift; name = TestDataBuilder.swift; path = "Time Budget/TestDataBuilder.swift"; sourceTree = SOURCE_ROOT; };
		002531D924C4614A00CB7FF0 /* TopView.swift */ = {isa = PBXFileReference; lastKnownFileType = sourcecode.swift; name = TopView.swift; path = "Time Budget/TopView.swift"; sourceTree = SOURCE_ROOT; };
		002531DB24C497EC00CB7FF0 /* BudgetStack.swift */ = {isa = PBXFileReference; lastKnownFileType = sourcecode.swift; name = BudgetStack.swift; path = "Time Budget/BudgetStack.swift"; sourceTree = SOURCE_ROOT; };
		002590DA24B90F0E00F703C5 /* Time Budget.app */ = {isa = PBXFileReference; explicitFileType = wrapper.application; includeInIndex = 0; path = "Time Budget.app"; sourceTree = BUILT_PRODUCTS_DIR; };
		002590DD24B90F0E00F703C5 /* AppDelegate.swift */ = {isa = PBXFileReference; lastKnownFileType = sourcecode.swift; name = AppDelegate.swift; path = "Time Budget/AppDelegate.swift"; sourceTree = SOURCE_ROOT; };
		002590DF24B90F0E00F703C5 /* SceneDelegate.swift */ = {isa = PBXFileReference; lastKnownFileType = sourcecode.swift; name = SceneDelegate.swift; path = "Time Budget/SceneDelegate.swift"; sourceTree = SOURCE_ROOT; };
		002590E224B90F0E00F703C5 /* Time Budget.xcdatamodel */ = {isa = PBXFileReference; lastKnownFileType = wrapper.xcdatamodel; path = "Time Budget.xcdatamodel"; sourceTree = "<group>"; };
		002590E624B90F1000F703C5 /* Assets.xcassets */ = {isa = PBXFileReference; lastKnownFileType = folder.assetcatalog; name = Assets.xcassets; path = "Time Budget/Assets.xcassets"; sourceTree = SOURCE_ROOT; };
		002590E924B90F1000F703C5 /* Preview Assets.xcassets */ = {isa = PBXFileReference; lastKnownFileType = folder.assetcatalog; path = "Preview Assets.xcassets"; sourceTree = "<group>"; };
		002590EC24B90F1000F703C5 /* Base */ = {isa = PBXFileReference; lastKnownFileType = file.storyboard; name = Base; path = Base.lproj/LaunchScreen.storyboard; sourceTree = "<group>"; };
		002590EE24B90F1000F703C5 /* Info.plist */ = {isa = PBXFileReference; lastKnownFileType = text.plist.xml; name = Info.plist; path = "Time Budget/Info.plist"; sourceTree = SOURCE_ROOT; };
		003E0C9D24C4BDDD00AAC6C0 /* MultiRowSegmentedPickerView.swift */ = {isa = PBXFileReference; lastKnownFileType = sourcecode.swift; name = MultiRowSegmentedPickerView.swift; path = "Time Budget/MultiRowSegmentedPickerView.swift"; sourceTree = SOURCE_ROOT; };
		003E0C9F24C4D58200AAC6C0 /* FundAction.swift */ = {isa = PBXFileReference; lastKnownFileType = sourcecode.swift; name = FundAction.swift; path = "Time Budget/FundAction.swift"; sourceTree = SOURCE_ROOT; };
		0058665624C05BBB004E4889 /* Utils.swift */ = {isa = PBXFileReference; lastKnownFileType = sourcecode.swift; name = Utils.swift; path = "Time Budget/Utils.swift"; sourceTree = SOURCE_ROOT; };
		0058665B24C074F3004E4889 /* BudgetListView.swift */ = {isa = PBXFileReference; lastKnownFileType = sourcecode.swift; name = BudgetListView.swift; path = "Time Budget/BudgetListView.swift"; sourceTree = SOURCE_ROOT; };
		0058665D24C0FD88004E4889 /* FundListView.swift */ = {isa = PBXFileReference; lastKnownFileType = sourcecode.swift; name = FundListView.swift; path = "Time Budget/FundListView.swift"; sourceTree = SOURCE_ROOT; };
		00659F0824C511F800670CF0 /* FundRowView.swift */ = {isa = PBXFileReference; lastKnownFileType = sourcecode.swift; name = FundRowView.swift; path = "Time Budget/FundRowView.swift"; sourceTree = SOURCE_ROOT; };
		00659F0C24C5213200670CF0 /* TimeFund+CoreDataProperties.swift */ = {isa = PBXFileReference; fileEncoding = 4; lastKnownFileType = sourcecode.swift; name = "TimeFund+CoreDataProperties.swift"; path = "Time Budget/BackModel/TimeFund+CoreDataProperties.swift"; sourceTree = SOURCE_ROOT; };
		00659F0D24C5213200670CF0 /* TimeBudget+CoreDataProperties.swift */ = {isa = PBXFileReference; fileEncoding = 4; lastKnownFileType = sourcecode.swift; name = "TimeBudget+CoreDataProperties.swift"; path = "Time Budget/BackModel/TimeBudget+CoreDataProperties.swift"; sourceTree = SOURCE_ROOT; };
		00659F0E24C5213200670CF0 /* TimeFund+CoreDataClass.swift */ = {isa = PBXFileReference; fileEncoding = 4; lastKnownFileType = sourcecode.swift; name = "TimeFund+CoreDataClass.swift"; path = "Time Budget/BackModel/TimeFund+CoreDataClass.swift"; sourceTree = SOURCE_ROOT; };
		00659F0F24C5213200670CF0 /* TimeBudget+CoreDataClass.swift */ = {isa = PBXFileReference; fileEncoding = 4; lastKnownFileType = sourcecode.swift; name = "TimeBudget+CoreDataClass.swift"; path = "Time Budget/BackModel/TimeBudget+CoreDataClass.swift"; sourceTree = SOURCE_ROOT; };
		00659F1524C5227000670CF0 /* FundAllRowView.swift */ = {isa = PBXFileReference; lastKnownFileType = sourcecode.swift; name = FundAllRowView.swift; path = "Time Budget/FundAllRowView.swift"; sourceTree = SOURCE_ROOT; };
		006F1C6924CE521D005C0E1A /* CalendarView.swift */ = {isa = PBXFileReference; lastKnownFileType = sourcecode.swift; path = CalendarView.swift; sourceTree = "<group>"; };
		006F1C6B24CE5374005C0E1A /* CalendarSettings.swift */ = {isa = PBXFileReference; lastKnownFileType = sourcecode.swift; path = CalendarSettings.swift; sourceTree = "<group>"; };
		006F1C7124CF5ADD005C0E1A /* TimeExpense+CoreDataClass.swift */ = {isa = PBXFileReference; lastKnownFileType = sourcecode.swift; path = "TimeExpense+CoreDataClass.swift"; sourceTree = "<group>"; };
		006F1C7224CF5ADD005C0E1A /* TimeExpense+CoreDataProperties.swift */ = {isa = PBXFileReference; lastKnownFileType = sourcecode.swift; path = "TimeExpense+CoreDataProperties.swift"; sourceTree = "<group>"; };
		00BA983824C74C9500E2AD91 /* Time Budget.entitlements */ = {isa = PBXFileReference; lastKnownFileType = text.plist.entitlements; path = "Time Budget.entitlements"; sourceTree = "<group>"; };
		00E1440C24D0B7AA0087F5C2 /* TimeSlot.swift */ = {isa = PBXFileReference; lastKnownFileType = sourcecode.swift; path = TimeSlot.swift; sourceTree = SOURCE_ROOT; };
/* End PBXFileReference section */

/* Begin PBXFrameworksBuildPhase section */
		002590D724B90F0E00F703C5 /* Frameworks */ = {
			isa = PBXFrameworksBuildPhase;
			buildActionMask = 2147483647;
			files = (
				0005628024BE52D3003AECC6 /* Introspect in Frameworks */,
				002531D024C1B76400CB7FF0 /* IQKeyboardManagerSwift in Frameworks */,
			);
			runOnlyForDeploymentPostprocessing = 0;
		};
/* End PBXFrameworksBuildPhase section */

/* Begin PBXGroup section */
		00113D0824B913960028AB57 /* BackModel */ = {
			isa = PBXGroup;
			children = (
				006F1C7124CF5ADD005C0E1A /* TimeExpense+CoreDataClass.swift */,
				006F1C7224CF5ADD005C0E1A /* TimeExpense+CoreDataProperties.swift */,
				00659F0F24C5213200670CF0 /* TimeBudget+CoreDataClass.swift */,
				00659F0D24C5213200670CF0 /* TimeBudget+CoreDataProperties.swift */,
				00659F0E24C5213200670CF0 /* TimeFund+CoreDataClass.swift */,
				00659F0C24C5213200670CF0 /* TimeFund+CoreDataProperties.swift */,
			);
			name = BackModel;
			path = "Time Budget/BackModel";
			sourceTree = SOURCE_ROOT;
		};
		002590D124B90F0E00F703C5 = {
			isa = PBXGroup;
			children = (
				002590DC24B90F0E00F703C5 /* Time Budget */,
				002590DB24B90F0E00F703C5 /* Products */,
			);
			sourceTree = "<group>";
		};
		002590DB24B90F0E00F703C5 /* Products */ = {
			isa = PBXGroup;
			children = (
				002590DA24B90F0E00F703C5 /* Time Budget.app */,
			);
			name = Products;
			sourceTree = SOURCE_ROOT;
		};
		002590DC24B90F0E00F703C5 /* Time Budget */ = {
			isa = PBXGroup;
			children = (
				00BA983824C74C9500E2AD91 /* Time Budget.entitlements */,
				00113D0824B913960028AB57 /* BackModel */,
				00113D0924B920180028AB57 /* TestDataBuilder.swift */,
				000344BD24C84E2D00CD2AAB /* AppState.swift */,
				00E1440C24D0B7AA0087F5C2 /* TimeSlot.swift */,
				002590DD24B90F0E00F703C5 /* AppDelegate.swift */,
				002590DF24B90F0E00F703C5 /* SceneDelegate.swift */,
				002531D924C4614A00CB7FF0 /* TopView.swift */,
				003E0C9D24C4BDDD00AAC6C0 /* MultiRowSegmentedPickerView.swift */,
				0058665B24C074F3004E4889 /* BudgetListView.swift */,
				0058665D24C0FD88004E4889 /* FundListView.swift */,
				006F1C6924CE521D005C0E1A /* CalendarView.swift */,
				006F1C6B24CE5374005C0E1A /* CalendarSettings.swift */,
				00659F0824C511F800670CF0 /* FundRowView.swift */,
				00659F1524C5227000670CF0 /* FundAllRowView.swift */,
				003E0C9F24C4D58200AAC6C0 /* FundAction.swift */,
				002531DB24C497EC00CB7FF0 /* BudgetStack.swift */,
				0058665624C05BBB004E4889 /* Utils.swift */,
				002590E624B90F1000F703C5 /* Assets.xcassets */,
				002590EB24B90F1000F703C5 /* LaunchScreen.storyboard */,
				002590EE24B90F1000F703C5 /* Info.plist */,
				002590E124B90F0E00F703C5 /* Time Budget.xcdatamodeld */,
				002590E824B90F1000F703C5 /* Preview Content */,
			);
			path = "Time Budget";
			sourceTree = SOURCE_ROOT;
		};
		002590E824B90F1000F703C5 /* Preview Content */ = {
			isa = PBXGroup;
			children = (
				002590E924B90F1000F703C5 /* Preview Assets.xcassets */,
			);
			name = "Preview Content";
			path = "Time Budget/Preview Content";
			sourceTree = SOURCE_ROOT;
		};
/* End PBXGroup section */

/* Begin PBXNativeTarget section */
		002590D924B90F0E00F703C5 /* Time Budget */ = {
			isa = PBXNativeTarget;
			buildConfigurationList = 002590F124B90F1000F703C5 /* Build configuration list for PBXNativeTarget "Time Budget" */;
			buildPhases = (
				002590D624B90F0E00F703C5 /* Sources */,
				002590D724B90F0E00F703C5 /* Frameworks */,
				002590D824B90F0E00F703C5 /* Resources */,
			);
			buildRules = (
			);
			dependencies = (
			);
			name = "Time Budget";
			packageProductDependencies = (
				0005627F24BE52D3003AECC6 /* Introspect */,
				002531CF24C1B76400CB7FF0 /* IQKeyboardManagerSwift */,
			);
			productName = "Time Budget";
			productReference = 002590DA24B90F0E00F703C5 /* Time Budget.app */;
			productType = "com.apple.product-type.application";
		};
/* End PBXNativeTarget section */

/* Begin PBXProject section */
		002590D224B90F0E00F703C5 /* Project object */ = {
			isa = PBXProject;
			attributes = {
				LastSwiftUpdateCheck = 1150;
				LastUpgradeCheck = 1150;
				ORGANIZATIONNAME = "Pure Logic Enterprises";
				TargetAttributes = {
					002590D924B90F0E00F703C5 = {
						CreatedOnToolsVersion = 11.5;
					};
				};
			};
			buildConfigurationList = 002590D524B90F0E00F703C5 /* Build configuration list for PBXProject "Time Budget" */;
			compatibilityVersion = "Xcode 11.4";
			developmentRegion = en;
			hasScannedForEncodings = 0;
			knownRegions = (
				en,
				Base,
			);
			mainGroup = 002590D124B90F0E00F703C5;
			packageReferences = (
				0005627E24BE52D3003AECC6 /* XCRemoteSwiftPackageReference "SwiftUI-Introspect" */,
				002531CE24C1B76400CB7FF0 /* XCRemoteSwiftPackageReference "IQKeyboardManager" */,
			);
			productRefGroup = 002590DB24B90F0E00F703C5 /* Products */;
			projectDirPath = "";
			projectRoot = "";
			targets = (
				002590D924B90F0E00F703C5 /* Time Budget */,
			);
		};
/* End PBXProject section */

/* Begin PBXResourcesBuildPhase section */
		002590D824B90F0E00F703C5 /* Resources */ = {
			isa = PBXResourcesBuildPhase;
			buildActionMask = 2147483647;
			files = (
				002590ED24B90F1000F703C5 /* LaunchScreen.storyboard in Resources */,
				002590EA24B90F1000F703C5 /* Preview Assets.xcassets in Resources */,
				002590E724B90F1000F703C5 /* Assets.xcassets in Resources */,
			);
			runOnlyForDeploymentPostprocessing = 0;
		};
/* End PBXResourcesBuildPhase section */

/* Begin PBXSourcesBuildPhase section */
		002590D624B90F0E00F703C5 /* Sources */ = {
			isa = PBXSourcesBuildPhase;
			buildActionMask = 2147483647;
			files = (
				00659F1624C5227000670CF0 /* FundAllRowView.swift in Sources */,
				003E0CA024C4D58200AAC6C0 /* FundAction.swift in Sources */,
				002590DE24B90F0E00F703C5 /* AppDelegate.swift in Sources */,
				006F1C7424CF5ADD005C0E1A /* TimeExpense+CoreDataProperties.swift in Sources */,
				002531DC24C497EC00CB7FF0 /* BudgetStack.swift in Sources */,
				0058665724C05BBB004E4889 /* Utils.swift in Sources */,
				0058665C24C074F3004E4889 /* BudgetListView.swift in Sources */,
				002590E324B90F0E00F703C5 /* Time Budget.xcdatamodeld in Sources */,
				00113D0A24B920180028AB57 /* TestDataBuilder.swift in Sources */,
				00659F1324C5213200670CF0 /* TimeBudget+CoreDataClass.swift in Sources */,
				0058665E24C0FD88004E4889 /* FundListView.swift in Sources */,
				002590E024B90F0E00F703C5 /* SceneDelegate.swift in Sources */,
				000344BE24C84E2D00CD2AAB /* AppState.swift in Sources */,
				006F1C6A24CE521D005C0E1A /* CalendarView.swift in Sources */,
				00659F1224C5213200670CF0 /* TimeFund+CoreDataClass.swift in Sources */,
				00659F0924C511F800670CF0 /* FundRowView.swift in Sources */,
				00E1440D24D0B7AA0087F5C2 /* TimeSlot.swift in Sources */,
				002531DA24C4614A00CB7FF0 /* TopView.swift in Sources */,
				006F1C6C24CE5374005C0E1A /* CalendarSettings.swift in Sources */,
				006F1C7324CF5ADD005C0E1A /* TimeExpense+CoreDataClass.swift in Sources */,
				00659F1124C5213200670CF0 /* TimeBudget+CoreDataProperties.swift in Sources */,
				00659F1024C5213200670CF0 /* TimeFund+CoreDataProperties.swift in Sources */,
				003E0C9E24C4BDDE00AAC6C0 /* MultiRowSegmentedPickerView.swift in Sources */,
			);
			runOnlyForDeploymentPostprocessing = 0;
		};
/* End PBXSourcesBuildPhase section */

/* Begin PBXVariantGroup section */
		002590EB24B90F1000F703C5 /* LaunchScreen.storyboard */ = {
			isa = PBXVariantGroup;
			children = (
				002590EC24B90F1000F703C5 /* Base */,
			);
			name = LaunchScreen.storyboard;
			path = "Time Budget";
			sourceTree = SOURCE_ROOT;
		};
/* End PBXVariantGroup section */

/* Begin XCBuildConfiguration section */
		002590EF24B90F1000F703C5 /* Debug */ = {
			isa = XCBuildConfiguration;
			buildSettings = {
				ALWAYS_SEARCH_USER_PATHS = NO;
				CLANG_ANALYZER_NONNULL = YES;
				CLANG_ANALYZER_NUMBER_OBJECT_CONVERSION = YES_AGGRESSIVE;
				CLANG_CXX_LANGUAGE_STANDARD = "gnu++14";
				CLANG_CXX_LIBRARY = "libc++";
				CLANG_ENABLE_MODULES = YES;
				CLANG_ENABLE_OBJC_ARC = YES;
				CLANG_ENABLE_OBJC_WEAK = YES;
				CLANG_WARN_BLOCK_CAPTURE_AUTORELEASING = YES;
				CLANG_WARN_BOOL_CONVERSION = YES;
				CLANG_WARN_COMMA = YES;
				CLANG_WARN_CONSTANT_CONVERSION = YES;
				CLANG_WARN_DEPRECATED_OBJC_IMPLEMENTATIONS = YES;
				CLANG_WARN_DIRECT_OBJC_ISA_USAGE = YES_ERROR;
				CLANG_WARN_DOCUMENTATION_COMMENTS = YES;
				CLANG_WARN_EMPTY_BODY = YES;
				CLANG_WARN_ENUM_CONVERSION = YES;
				CLANG_WARN_INFINITE_RECURSION = YES;
				CLANG_WARN_INT_CONVERSION = YES;
				CLANG_WARN_NON_LITERAL_NULL_CONVERSION = YES;
				CLANG_WARN_OBJC_IMPLICIT_RETAIN_SELF = YES;
				CLANG_WARN_OBJC_LITERAL_CONVERSION = YES;
				CLANG_WARN_OBJC_ROOT_CLASS = YES_ERROR;
				CLANG_WARN_RANGE_LOOP_ANALYSIS = YES;
				CLANG_WARN_STRICT_PROTOTYPES = YES;
				CLANG_WARN_SUSPICIOUS_MOVE = YES;
				CLANG_WARN_UNGUARDED_AVAILABILITY = YES_AGGRESSIVE;
				CLANG_WARN_UNREACHABLE_CODE = YES;
				CLANG_WARN__DUPLICATE_METHOD_MATCH = YES;
				COPY_PHASE_STRIP = NO;
				DEBUG_INFORMATION_FORMAT = dwarf;
				ENABLE_STRICT_OBJC_MSGSEND = YES;
				ENABLE_TESTABILITY = YES;
				GCC_C_LANGUAGE_STANDARD = gnu11;
				GCC_DYNAMIC_NO_PIC = NO;
				GCC_NO_COMMON_BLOCKS = YES;
				GCC_OPTIMIZATION_LEVEL = 0;
				GCC_PREPROCESSOR_DEFINITIONS = (
					"DEBUG=1",
					"$(inherited)",
				);
				GCC_WARN_64_TO_32_BIT_CONVERSION = YES;
				GCC_WARN_ABOUT_RETURN_TYPE = YES_ERROR;
				GCC_WARN_UNDECLARED_SELECTOR = YES;
				GCC_WARN_UNINITIALIZED_AUTOS = YES_AGGRESSIVE;
				GCC_WARN_UNUSED_FUNCTION = YES;
				GCC_WARN_UNUSED_VARIABLE = YES;
				IPHONEOS_DEPLOYMENT_TARGET = 13.5;
				MTL_ENABLE_DEBUG_INFO = INCLUDE_SOURCE;
				MTL_FAST_MATH = YES;
				ONLY_ACTIVE_ARCH = YES;
				SDKROOT = iphoneos;
				SWIFT_ACTIVE_COMPILATION_CONDITIONS = DEBUG;
				SWIFT_OPTIMIZATION_LEVEL = "-Onone";
			};
			name = Debug;
		};
		002590F024B90F1000F703C5 /* Release */ = {
			isa = XCBuildConfiguration;
			buildSettings = {
				ALWAYS_SEARCH_USER_PATHS = NO;
				CLANG_ANALYZER_NONNULL = YES;
				CLANG_ANALYZER_NUMBER_OBJECT_CONVERSION = YES_AGGRESSIVE;
				CLANG_CXX_LANGUAGE_STANDARD = "gnu++14";
				CLANG_CXX_LIBRARY = "libc++";
				CLANG_ENABLE_MODULES = YES;
				CLANG_ENABLE_OBJC_ARC = YES;
				CLANG_ENABLE_OBJC_WEAK = YES;
				CLANG_WARN_BLOCK_CAPTURE_AUTORELEASING = YES;
				CLANG_WARN_BOOL_CONVERSION = YES;
				CLANG_WARN_COMMA = YES;
				CLANG_WARN_CONSTANT_CONVERSION = YES;
				CLANG_WARN_DEPRECATED_OBJC_IMPLEMENTATIONS = YES;
				CLANG_WARN_DIRECT_OBJC_ISA_USAGE = YES_ERROR;
				CLANG_WARN_DOCUMENTATION_COMMENTS = YES;
				CLANG_WARN_EMPTY_BODY = YES;
				CLANG_WARN_ENUM_CONVERSION = YES;
				CLANG_WARN_INFINITE_RECURSION = YES;
				CLANG_WARN_INT_CONVERSION = YES;
				CLANG_WARN_NON_LITERAL_NULL_CONVERSION = YES;
				CLANG_WARN_OBJC_IMPLICIT_RETAIN_SELF = YES;
				CLANG_WARN_OBJC_LITERAL_CONVERSION = YES;
				CLANG_WARN_OBJC_ROOT_CLASS = YES_ERROR;
				CLANG_WARN_RANGE_LOOP_ANALYSIS = YES;
				CLANG_WARN_STRICT_PROTOTYPES = YES;
				CLANG_WARN_SUSPICIOUS_MOVE = YES;
				CLANG_WARN_UNGUARDED_AVAILABILITY = YES_AGGRESSIVE;
				CLANG_WARN_UNREACHABLE_CODE = YES;
				CLANG_WARN__DUPLICATE_METHOD_MATCH = YES;
				COPY_PHASE_STRIP = NO;
				DEBUG_INFORMATION_FORMAT = "dwarf-with-dsym";
				ENABLE_NS_ASSERTIONS = NO;
				ENABLE_STRICT_OBJC_MSGSEND = YES;
				GCC_C_LANGUAGE_STANDARD = gnu11;
				GCC_NO_COMMON_BLOCKS = YES;
				GCC_WARN_64_TO_32_BIT_CONVERSION = YES;
				GCC_WARN_ABOUT_RETURN_TYPE = YES_ERROR;
				GCC_WARN_UNDECLARED_SELECTOR = YES;
				GCC_WARN_UNINITIALIZED_AUTOS = YES_AGGRESSIVE;
				GCC_WARN_UNUSED_FUNCTION = YES;
				GCC_WARN_UNUSED_VARIABLE = YES;
				IPHONEOS_DEPLOYMENT_TARGET = 13.5;
				MTL_ENABLE_DEBUG_INFO = NO;
				MTL_FAST_MATH = YES;
				SDKROOT = iphoneos;
				SWIFT_COMPILATION_MODE = wholemodule;
				SWIFT_OPTIMIZATION_LEVEL = "-O";
				VALIDATE_PRODUCT = YES;
			};
			name = Release;
		};
		002590F224B90F1000F703C5 /* Debug */ = {
			isa = XCBuildConfiguration;
			buildSettings = {
				ASSETCATALOG_COMPILER_APPICON_NAME = AppIcon;
				CODE_SIGN_ENTITLEMENTS = "Time Budget/Time Budget.entitlements";
				CODE_SIGN_STYLE = Automatic;
				CURRENT_PROJECT_VERSION = 2;
				DEVELOPMENT_ASSET_PATHS = "\"Time Budget/Preview Content\"";
				DEVELOPMENT_TEAM = CUPYM3WLYW;
				ENABLE_PREVIEWS = YES;
				INFOPLIST_FILE = "Time Budget/Info.plist";
				LD_RUNPATH_SEARCH_PATHS = (
					"$(inherited)",
					"@executable_path/Frameworks",
				);
				MARKETING_VERSION = 0.3;
				PRODUCT_BUNDLE_IDENTIFIER = com.ple.TimeBudget;
				PRODUCT_NAME = "$(TARGET_NAME)";
				SWIFT_VERSION = 5.0;
				TARGETED_DEVICE_FAMILY = "1,2";
			};
			name = Debug;
		};
		002590F324B90F1000F703C5 /* Release */ = {
			isa = XCBuildConfiguration;
			buildSettings = {
				ASSETCATALOG_COMPILER_APPICON_NAME = AppIcon;
				CODE_SIGN_ENTITLEMENTS = "Time Budget/Time Budget.entitlements";
				CODE_SIGN_STYLE = Automatic;
				CURRENT_PROJECT_VERSION = 2;
				DEVELOPMENT_ASSET_PATHS = "\"Time Budget/Preview Content\"";
				DEVELOPMENT_TEAM = CUPYM3WLYW;
				ENABLE_PREVIEWS = YES;
				INFOPLIST_FILE = "Time Budget/Info.plist";
				LD_RUNPATH_SEARCH_PATHS = (
					"$(inherited)",
					"@executable_path/Frameworks",
				);
				MARKETING_VERSION = 0.3;
				PRODUCT_BUNDLE_IDENTIFIER = com.ple.TimeBudget;
				PRODUCT_NAME = "$(TARGET_NAME)";
				SWIFT_VERSION = 5.0;
				TARGETED_DEVICE_FAMILY = "1,2";
			};
			name = Release;
		};
/* End XCBuildConfiguration section */

/* Begin XCConfigurationList section */
		002590D524B90F0E00F703C5 /* Build configuration list for PBXProject "Time Budget" */ = {
			isa = XCConfigurationList;
			buildConfigurations = (
				002590EF24B90F1000F703C5 /* Debug */,
				002590F024B90F1000F703C5 /* Release */,
			);
			defaultConfigurationIsVisible = 0;
			defaultConfigurationName = Release;
		};
		002590F124B90F1000F703C5 /* Build configuration list for PBXNativeTarget "Time Budget" */ = {
			isa = XCConfigurationList;
			buildConfigurations = (
				002590F224B90F1000F703C5 /* Debug */,
				002590F324B90F1000F703C5 /* Release */,
			);
			defaultConfigurationIsVisible = 0;
			defaultConfigurationName = Release;
		};
/* End XCConfigurationList section */

/* Begin XCRemoteSwiftPackageReference section */
		0005627E24BE52D3003AECC6 /* XCRemoteSwiftPackageReference "SwiftUI-Introspect" */ = {
			isa = XCRemoteSwiftPackageReference;
			repositoryURL = "https://github.com/timbersoftware/SwiftUI-Introspect.git";
			requirement = {
				kind = upToNextMajorVersion;
				minimumVersion = 0.1.0;
			};
		};
		002531CE24C1B76400CB7FF0 /* XCRemoteSwiftPackageReference "IQKeyboardManager" */ = {
			isa = XCRemoteSwiftPackageReference;
			repositoryURL = "https://github.com/hackiftekhar/IQKeyboardManager.git";
			requirement = {
				kind = upToNextMajorVersion;
				minimumVersion = 6.5.5;
			};
		};
/* End XCRemoteSwiftPackageReference section */

/* Begin XCSwiftPackageProductDependency section */
		0005627F24BE52D3003AECC6 /* Introspect */ = {
			isa = XCSwiftPackageProductDependency;
			package = 0005627E24BE52D3003AECC6 /* XCRemoteSwiftPackageReference "SwiftUI-Introspect" */;
			productName = Introspect;
		};
		002531CF24C1B76400CB7FF0 /* IQKeyboardManagerSwift */ = {
			isa = XCSwiftPackageProductDependency;
			package = 002531CE24C1B76400CB7FF0 /* XCRemoteSwiftPackageReference "IQKeyboardManager" */;
			productName = IQKeyboardManagerSwift;
		};
/* End XCSwiftPackageProductDependency section */

/* Begin XCVersionGroup section */
		002590E124B90F0E00F703C5 /* Time Budget.xcdatamodeld */ = {
			isa = XCVersionGroup;
			children = (
				002590E224B90F0E00F703C5 /* Time Budget.xcdatamodel */,
			);
			currentVersion = 002590E224B90F0E00F703C5 /* Time Budget.xcdatamodel */;
			path = "Time Budget.xcdatamodeld";
			sourceTree = "<group>";
			versionGroupType = wrapper.xcdatamodel;
		};
/* End XCVersionGroup section */
	};
	rootObject = 002590D224B90F0E00F703C5 /* Project object */;
}
